
Microsoft Visual Studio Solution File, Format Version 12.00
# Visual Studio Version 17
VisualStudioVersion = 17.12.35521.163 d17.12
MinimumVisualStudioVersion = 10.0.40219.1
Project("{FAE04EC0-301F-11D3-BF4B-00C04F79EFBC}") = "Groupe12Exam", "Groupe12Exam.csproj", "{55158FD4-F94B-4F85-9F73-01E008D1EE3D}"
EndProject
Global
	GlobalSection(SolutionConfigurationPlatforms) = preSolution
		Debug|Any CPU = Debug|Any CPU
		Release|Any CPU = Release|Any CPU
	EndGlobalSection
	GlobalSection(ProjectConfigurationPlatforms) = postSolution
		{55158FD4-F94B-4F85-9F73-01E008D1EE3D}.Debug|Any CPU.ActiveCfg = Debug|Any CPU
		{55158FD4-F94B-4F85-9F73-01E008D1EE3D}.Debug|Any CPU.Build.0 = Debug|Any CPU
		{55158FD4-F94B-4F85-9F73-01E008D1EE3D}.Release|Any CPU.ActiveCfg = Release|Any CPU
		{55158FD4-F94B-4F85-9F73-01E008D1EE3D}.Release|Any CPU.Build.0 = Release|Any CPU
	EndGlobalSection
	GlobalSection(SolutionProperties) = preSolution
		HideSolutionNode = FALSE
	EndGlobalSection
EndGlobal
